
Microsoft Visual Studio Solution File, Format Version 12.00
# Visual Studio Version 17
VisualStudioVersion = 17.9.34723.18
MinimumVisualStudioVersion = 10.0.40219.1
Project("{FAE04EC0-301F-11D3-BF4B-00C04F79EFBC}") = "LINQ_To_SQL", "LINQ_To_SQL\LINQ_To_SQL.csproj", "{8C80B649-14AE-460F-A25B-214CEEDD30D5}"
EndProject
Global
	GlobalSection(SolutionConfigurationPlatforms) = preSolution
		Debug|Any CPU = Debug|Any CPU
		Release|Any CPU = Release|Any CPU
	EndGlobalSection
	GlobalSection(ProjectConfigurationPlatforms) = postSolution
		{8C80B649-14AE-460F-A25B-214CEEDD30D5}.Debug|Any CPU.ActiveCfg = Debug|Any CPU
		{8C80B649-14AE-460F-A25B-214CEEDD30D5}.Debug|Any CPU.Build.0 = Debug|Any CPU
		{8C80B649-14AE-460F-A25B-214CEEDD30D5}.Release|Any CPU.ActiveCfg = Release|Any CPU
		{8C80B649-14AE-460F-A25B-214CEEDD30D5}.Release|Any CPU.Build.0 = Release|Any CPU
	EndGlobalSection
	GlobalSection(SolutionProperties) = preSolution
		HideSolutionNode = FALSE
	EndGlobalSection
	GlobalSection(ExtensibilityGlobals) = postSolution
		SolutionGuid = {A7E07B0F-CED6-49CF-B113-D87A67356735}
	EndGlobalSection
EndGlobal
